
Microsoft Visual Studio Solution File, Format Version 12.00
# Visual Studio Version 16
VisualStudioVersion = 16.0.29424.173
MinimumVisualStudioVersion = 10.0.40219.1
Project("{9A19103F-16F7-4668-BE54-9A1E7A4F7556}") = "WebStore", "DocsExchange\WebStore.csproj", "{78EFB82E-AB6E-448D-BD99-C1712EC3C308}"
EndProject
Project("{9A19103F-16F7-4668-BE54-9A1E7A4F7556}") = "Domain.Models", "Domain.Models\Domain.Models.csproj", "{439410D8-CCB7-4F17-BD58-612E753959BD}"
EndProject
Project("{9A19103F-16F7-4668-BE54-9A1E7A4F7556}") = "DataAccess", "DataAccess\DataAccess.csproj", "{6CC49EC2-D186-4176-98A4-5072BB46D265}"
EndProject
Project("{9A19103F-16F7-4668-BE54-9A1E7A4F7556}") = "BusinessLogic", "BusinessLogic\BusinessLogic.csproj", "{309120EB-CF55-4259-870F-D2ABAB70F123}"
EndProject
Global
	GlobalSection(SolutionConfigurationPlatforms) = preSolution
		Debug|Any CPU = Debug|Any CPU
		Release|Any CPU = Release|Any CPU
	EndGlobalSection
	GlobalSection(ProjectConfigurationPlatforms) = postSolution
		{78EFB82E-AB6E-448D-BD99-C1712EC3C308}.Debug|Any CPU.ActiveCfg = Debug|Any CPU
		{78EFB82E-AB6E-448D-BD99-C1712EC3C308}.Debug|Any CPU.Build.0 = Debug|Any CPU
		{78EFB82E-AB6E-448D-BD99-C1712EC3C308}.Release|Any CPU.ActiveCfg = Release|Any CPU
		{78EFB82E-AB6E-448D-BD99-C1712EC3C308}.Release|Any CPU.Build.0 = Release|Any CPU
		{439410D8-CCB7-4F17-BD58-612E753959BD}.Debug|Any CPU.ActiveCfg = Debug|Any CPU
		{439410D8-CCB7-4F17-BD58-612E753959BD}.Debug|Any CPU.Build.0 = Debug|Any CPU
		{439410D8-CCB7-4F17-BD58-612E753959BD}.Release|Any CPU.ActiveCfg = Release|Any CPU
		{439410D8-CCB7-4F17-BD58-612E753959BD}.Release|Any CPU.Build.0 = Release|Any CPU
		{6CC49EC2-D186-4176-98A4-5072BB46D265}.Debug|Any CPU.ActiveCfg = Debug|Any CPU
		{6CC49EC2-D186-4176-98A4-5072BB46D265}.Debug|Any CPU.Build.0 = Debug|Any CPU
		{6CC49EC2-D186-4176-98A4-5072BB46D265}.Release|Any CPU.ActiveCfg = Release|Any CPU
		{6CC49EC2-D186-4176-98A4-5072BB46D265}.Release|Any CPU.Build.0 = Release|Any CPU
		{309120EB-CF55-4259-870F-D2ABAB70F123}.Debug|Any CPU.ActiveCfg = Debug|Any CPU
		{309120EB-CF55-4259-870F-D2ABAB70F123}.Debug|Any CPU.Build.0 = Debug|Any CPU
		{309120EB-CF55-4259-870F-D2ABAB70F123}.Release|Any CPU.ActiveCfg = Release|Any CPU
		{309120EB-CF55-4259-870F-D2ABAB70F123}.Release|Any CPU.Build.0 = Release|Any CPU
	EndGlobalSection
	GlobalSection(SolutionProperties) = preSolution
		HideSolutionNode = FALSE
	EndGlobalSection
	GlobalSection(ExtensibilityGlobals) = postSolution
		SolutionGuid = {535C8449-4FB9-472D-A686-AEFAD3B7D9C5}
	EndGlobalSection
EndGlobal
